
Microsoft Visual Studio Solution File, Format Version 12.00
# Visual Studio Version 16
VisualStudioVersion = 16.0.30309.148
MinimumVisualStudioVersion = 10.0.40219.1
Project("{8BC9CEB8-8B4A-11D0-8D11-00A0C91BC942}") = "Sandbox", "Sandbox\Sandbox.vcxproj", "{A8C9A0C4-6517-47AC-9545-3D48AA3E315A}"
EndProject
Project("{8BC9CEB8-8B4A-11D0-8D11-00A0C91BC942}") = "Hazel", "Hazel\Hazel.vcxproj", "{74CC2552-CF08-4E9F-947E-F126A5E02CDF}"
EndProject
Global
	GlobalSection(SolutionConfigurationPlatforms) = preSolution
		Debug|x64 = Debug|x64
		Release|x64 = Release|x64
	EndGlobalSection
	GlobalSection(ProjectConfigurationPlatforms) = postSolution
		{A8C9A0C4-6517-47AC-9545-3D48AA3E315A}.Debug|x64.ActiveCfg = Debug|x64
		{A8C9A0C4-6517-47AC-9545-3D48AA3E315A}.Debug|x64.Build.0 = Debug|x64
		{A8C9A0C4-6517-47AC-9545-3D48AA3E315A}.Release|x64.ActiveCfg = Release|x64
		{A8C9A0C4-6517-47AC-9545-3D48AA3E315A}.Release|x64.Build.0 = Release|x64
		{74CC2552-CF08-4E9F-947E-F126A5E02CDF}.Debug|x64.ActiveCfg = Debug|x64
		{74CC2552-CF08-4E9F-947E-F126A5E02CDF}.Debug|x64.Build.0 = Debug|x64
		{74CC2552-CF08-4E9F-947E-F126A5E02CDF}.Release|x64.ActiveCfg = Release|x64
		{74CC2552-CF08-4E9F-947E-F126A5E02CDF}.Release|x64.Build.0 = Release|x64
	EndGlobalSection
	GlobalSection(SolutionProperties) = preSolution
		HideSolutionNode = FALSE
	EndGlobalSection
	GlobalSection(ExtensibilityGlobals) = postSolution
		SolutionGuid = {EAE38F41-AEFF-4479-A85D-AB1957D8D3E1}
	EndGlobalSection
EndGlobal
